
Microsoft Visual Studio Solution File, Format Version 12.00
# Visual Studio Version 16
VisualStudioVersion = 16.0.29519.181
MinimumVisualStudioVersion = 10.0.40219.1
Project("{9A19103F-16F7-4668-BE54-9A1E7A4F7556}") = "NWN.Area.ProcGen", "NWN.Area.ProcGen\NWN.Area.ProcGen.csproj", "{18B0A0D6-48D2-4288-96FD-9F91FCA6E097}"
EndProject
Project("{FAE04EC0-301F-11D3-BF4B-00C04F79EFBC}") = "NWN.Area.ProcGen.Shared", "NWN.Area.ProcGen.Shared\NWN.Area.ProcGen.Shared.csproj", "{29F1F1AD-12F6-4CAA-AAB1-1388E7FB865F}"
EndProject
Global
	GlobalSection(SolutionConfigurationPlatforms) = preSolution
		Debug|Any CPU = Debug|Any CPU
		Release|Any CPU = Release|Any CPU
	EndGlobalSection
	GlobalSection(ProjectConfigurationPlatforms) = postSolution
		{18B0A0D6-48D2-4288-96FD-9F91FCA6E097}.Debug|Any CPU.ActiveCfg = Debug|Any CPU
		{18B0A0D6-48D2-4288-96FD-9F91FCA6E097}.Debug|Any CPU.Build.0 = Debug|Any CPU
		{18B0A0D6-48D2-4288-96FD-9F91FCA6E097}.Release|Any CPU.ActiveCfg = Release|Any CPU
		{18B0A0D6-48D2-4288-96FD-9F91FCA6E097}.Release|Any CPU.Build.0 = Release|Any CPU
		{29F1F1AD-12F6-4CAA-AAB1-1388E7FB865F}.Debug|Any CPU.ActiveCfg = Debug|Any CPU
		{29F1F1AD-12F6-4CAA-AAB1-1388E7FB865F}.Debug|Any CPU.Build.0 = Debug|Any CPU
		{29F1F1AD-12F6-4CAA-AAB1-1388E7FB865F}.Release|Any CPU.ActiveCfg = Release|Any CPU
		{29F1F1AD-12F6-4CAA-AAB1-1388E7FB865F}.Release|Any CPU.Build.0 = Release|Any CPU
	EndGlobalSection
	GlobalSection(SolutionProperties) = preSolution
		HideSolutionNode = FALSE
	EndGlobalSection
	GlobalSection(ExtensibilityGlobals) = postSolution
		SolutionGuid = {F6320386-24CC-49FD-A3C9-8927ED220E79}
	EndGlobalSection
EndGlobal
